
Microsoft Visual Studio Solution File, Format Version 12.00
# Visual Studio 2013
VisualStudioVersion = 12.0.31101.0
MinimumVisualStudioVersion = 10.0.40219.1
Project("{2150E333-8FDC-42A3-9474-1A3956D46DE8}") = "Common", "Common", "{86C38A2C-4156-4BB3-BF9A-6200FAA38F47}"
EndProject
Project("{2150E333-8FDC-42A3-9474-1A3956D46DE8}") = "Data", "Data", "{C5EE5C5A-2A46-43EE-BE32-B7784E663C67}"
EndProject
Project("{2150E333-8FDC-42A3-9474-1A3956D46DE8}") = "Web", "Web", "{AD694CF1-9B9D-4EFB-A63A-37CC40DF5D13}"
EndProject
Project("{2150E333-8FDC-42A3-9474-1A3956D46DE8}") = "Tests", "Tests", "{9EAF9783-38CB-4E0E-8D16-D02A3A11F006}"
EndProject
Project("{2150E333-8FDC-42A3-9474-1A3956D46DE8}") = "External Libraries", "External Libraries", "{BFC6560F-51EE-47F1-986D-632B0E0DF4AC}"
EndProject
Project("{FAE04EC0-301F-11D3-BF4B-00C04F79EFBC}") = "GoldenGateShop.Data", "GoldenGateShop.Data\GoldenGateShop.Data.csproj", "{A2FAA1FD-7FCD-45DC-98B6-A70C2CBC5F62}"
EndProject
Project("{FAE04EC0-301F-11D3-BF4B-00C04F79EFBC}") = "GoldenGateShop.Models", "GoldenGateShop.Models\GoldenGateShop.Models.csproj", "{B62238D0-E9ED-4A0B-890A-12F6D1323AF2}"
EndProject
Project("{FAE04EC0-301F-11D3-BF4B-00C04F79EFBC}") = "GoldenGateShop.Web", "GoldenGateShop.Web\GoldenGateShop.Web.csproj", "{DA8A81DF-A680-4A89-B330-9B0950B60572}"
EndProject
Project("{FAE04EC0-301F-11D3-BF4B-00C04F79EFBC}") = "GoldenGateShop.Common", "GoldenGateShop.Common\GoldenGateShop.Common.csproj", "{D17D5944-9B37-48B8-929E-F5C0C9C9ED15}"
EndProject
Global
	GlobalSection(SolutionConfigurationPlatforms) = preSolution
		Debug|Any CPU = Debug|Any CPU
		Release|Any CPU = Release|Any CPU
	EndGlobalSection
	GlobalSection(ProjectConfigurationPlatforms) = postSolution
		{A2FAA1FD-7FCD-45DC-98B6-A70C2CBC5F62}.Debug|Any CPU.ActiveCfg = Debug|Any CPU
		{A2FAA1FD-7FCD-45DC-98B6-A70C2CBC5F62}.Debug|Any CPU.Build.0 = Debug|Any CPU
		{A2FAA1FD-7FCD-45DC-98B6-A70C2CBC5F62}.Release|Any CPU.ActiveCfg = Release|Any CPU
		{A2FAA1FD-7FCD-45DC-98B6-A70C2CBC5F62}.Release|Any CPU.Build.0 = Release|Any CPU
		{B62238D0-E9ED-4A0B-890A-12F6D1323AF2}.Debug|Any CPU.ActiveCfg = Debug|Any CPU
		{B62238D0-E9ED-4A0B-890A-12F6D1323AF2}.Debug|Any CPU.Build.0 = Debug|Any CPU
		{B62238D0-E9ED-4A0B-890A-12F6D1323AF2}.Release|Any CPU.ActiveCfg = Release|Any CPU
		{B62238D0-E9ED-4A0B-890A-12F6D1323AF2}.Release|Any CPU.Build.0 = Release|Any CPU
		{DA8A81DF-A680-4A89-B330-9B0950B60572}.Debug|Any CPU.ActiveCfg = Debug|Any CPU
		{DA8A81DF-A680-4A89-B330-9B0950B60572}.Debug|Any CPU.Build.0 = Debug|Any CPU
		{DA8A81DF-A680-4A89-B330-9B0950B60572}.Release|Any CPU.ActiveCfg = Release|Any CPU
		{DA8A81DF-A680-4A89-B330-9B0950B60572}.Release|Any CPU.Build.0 = Release|Any CPU
		{D17D5944-9B37-48B8-929E-F5C0C9C9ED15}.Debug|Any CPU.ActiveCfg = Debug|Any CPU
		{D17D5944-9B37-48B8-929E-F5C0C9C9ED15}.Debug|Any CPU.Build.0 = Debug|Any CPU
		{D17D5944-9B37-48B8-929E-F5C0C9C9ED15}.Release|Any CPU.ActiveCfg = Release|Any CPU
		{D17D5944-9B37-48B8-929E-F5C0C9C9ED15}.Release|Any CPU.Build.0 = Release|Any CPU
	EndGlobalSection
	GlobalSection(SolutionProperties) = preSolution
		HideSolutionNode = FALSE
	EndGlobalSection
	GlobalSection(NestedProjects) = preSolution
		{A2FAA1FD-7FCD-45DC-98B6-A70C2CBC5F62} = {C5EE5C5A-2A46-43EE-BE32-B7784E663C67}
		{B62238D0-E9ED-4A0B-890A-12F6D1323AF2} = {C5EE5C5A-2A46-43EE-BE32-B7784E663C67}
		{DA8A81DF-A680-4A89-B330-9B0950B60572} = {AD694CF1-9B9D-4EFB-A63A-37CC40DF5D13}
		{D17D5944-9B37-48B8-929E-F5C0C9C9ED15} = {86C38A2C-4156-4BB3-BF9A-6200FAA38F47}
	EndGlobalSection
EndGlobal
